
Microsoft Visual Studio Solution File, Format Version 12.00
# Visual Studio Version 17
VisualStudioVersion = 17.11.35219.272
MinimumVisualStudioVersion = 10.0.40219.1
Project("{9A19103F-16F7-4668-BE54-9A1E7A4F7556}") = "Domain", "Domain\Domain.csproj", "{7CC0BED0-A5BC-4172-BDEB-F6B37DA55866}"
EndProject
Project("{9A19103F-16F7-4668-BE54-9A1E7A4F7556}") = "Persistence", "Persistence\Persistence.csproj", "{6E0CC586-DD55-4758-8918-4EB01F307325}"
EndProject
Project("{9A19103F-16F7-4668-BE54-9A1E7A4F7556}") = "Application", "Application\Application.csproj", "{343CDFA3-B9A5-4D22-9F2C-3399AC9A1797}"
EndProject
Project("{9A19103F-16F7-4668-BE54-9A1E7A4F7556}") = "WebApi", "WebApi\WebApi.csproj", "{0AAB73D3-3B34-473B-A8EB-07D757C33512}"
EndProject
Project("{9A19103F-16F7-4668-BE54-9A1E7A4F7556}") = "Tests.Unit", "Tests.Unit\Tests.Unit.csproj", "{5929AD1F-A7DB-40AF-8115-294361F52602}"
EndProject
Project("{9A19103F-16F7-4668-BE54-9A1E7A4F7556}") = "Infrastructure", "Infrastructure\Infrastructure.csproj", "{6F1A6B91-E6C0-4914-BFAE-AB5CC82BCCFE}"
EndProject
Global
	GlobalSection(SolutionConfigurationPlatforms) = preSolution
		Debug|Any CPU = Debug|Any CPU
		Release|Any CPU = Release|Any CPU
	EndGlobalSection
	GlobalSection(ProjectConfigurationPlatforms) = postSolution
		{7CC0BED0-A5BC-4172-BDEB-F6B37DA55866}.Debug|Any CPU.ActiveCfg = Debug|Any CPU
		{7CC0BED0-A5BC-4172-BDEB-F6B37DA55866}.Debug|Any CPU.Build.0 = Debug|Any CPU
		{7CC0BED0-A5BC-4172-BDEB-F6B37DA55866}.Release|Any CPU.ActiveCfg = Release|Any CPU
		{7CC0BED0-A5BC-4172-BDEB-F6B37DA55866}.Release|Any CPU.Build.0 = Release|Any CPU
		{6E0CC586-DD55-4758-8918-4EB01F307325}.Debug|Any CPU.ActiveCfg = Debug|Any CPU
		{6E0CC586-DD55-4758-8918-4EB01F307325}.Debug|Any CPU.Build.0 = Debug|Any CPU
		{6E0CC586-DD55-4758-8918-4EB01F307325}.Release|Any CPU.ActiveCfg = Release|Any CPU
		{6E0CC586-DD55-4758-8918-4EB01F307325}.Release|Any CPU.Build.0 = Release|Any CPU
		{343CDFA3-B9A5-4D22-9F2C-3399AC9A1797}.Debug|Any CPU.ActiveCfg = Debug|Any CPU
		{343CDFA3-B9A5-4D22-9F2C-3399AC9A1797}.Debug|Any CPU.Build.0 = Debug|Any CPU
		{343CDFA3-B9A5-4D22-9F2C-3399AC9A1797}.Release|Any CPU.ActiveCfg = Release|Any CPU
		{343CDFA3-B9A5-4D22-9F2C-3399AC9A1797}.Release|Any CPU.Build.0 = Release|Any CPU
		{0AAB73D3-3B34-473B-A8EB-07D757C33512}.Debug|Any CPU.ActiveCfg = Debug|Any CPU
		{0AAB73D3-3B34-473B-A8EB-07D757C33512}.Debug|Any CPU.Build.0 = Debug|Any CPU
		{0AAB73D3-3B34-473B-A8EB-07D757C33512}.Release|Any CPU.ActiveCfg = Release|Any CPU
		{0AAB73D3-3B34-473B-A8EB-07D757C33512}.Release|Any CPU.Build.0 = Release|Any CPU
		{5929AD1F-A7DB-40AF-8115-294361F52602}.Debug|Any CPU.ActiveCfg = Debug|Any CPU
		{5929AD1F-A7DB-40AF-8115-294361F52602}.Debug|Any CPU.Build.0 = Debug|Any CPU
		{5929AD1F-A7DB-40AF-8115-294361F52602}.Release|Any CPU.ActiveCfg = Release|Any CPU
		{5929AD1F-A7DB-40AF-8115-294361F52602}.Release|Any CPU.Build.0 = Release|Any CPU
		{6F1A6B91-E6C0-4914-BFAE-AB5CC82BCCFE}.Debug|Any CPU.ActiveCfg = Debug|Any CPU
		{6F1A6B91-E6C0-4914-BFAE-AB5CC82BCCFE}.Debug|Any CPU.Build.0 = Debug|Any CPU
		{6F1A6B91-E6C0-4914-BFAE-AB5CC82BCCFE}.Release|Any CPU.ActiveCfg = Release|Any CPU
		{6F1A6B91-E6C0-4914-BFAE-AB5CC82BCCFE}.Release|Any CPU.Build.0 = Release|Any CPU
	EndGlobalSection
	GlobalSection(SolutionProperties) = preSolution
		HideSolutionNode = FALSE
	EndGlobalSection
	GlobalSection(ExtensibilityGlobals) = postSolution
		SolutionGuid = {72ACBFA6-70C5-4B38-9380-BADF13E4351D}
	EndGlobalSection
EndGlobal
